
Microsoft Visual Studio Solution File, Format Version 12.00
# Visual Studio Version 17
VisualStudioVersion = 17.0.31903.59
MinimumVisualStudioVersion = 10.0.40219.1
Project("{FAE04EC0-301F-11D3-BF4B-00C04F79EFBC}") = "Wasm.Server", "Wasm\Server\Wasm.Server.csproj", "{BB22B8BC-311A-438C-88C8-458E34807117}"
EndProject
Project("{FAE04EC0-301F-11D3-BF4B-00C04F79EFBC}") = "Wasm.Client", "Wasm\Client\Wasm.Client.csproj", "{2F32FC01-00C5-4327-A149-32D88D936D90}"
EndProject
Global
	GlobalSection(SolutionConfigurationPlatforms) = preSolution
		Debug|Any CPU = Debug|Any CPU
		Release|Any CPU = Release|Any CPU
	EndGlobalSection
	GlobalSection(ProjectConfigurationPlatforms) = postSolution
		{BB22B8BC-311A-438C-88C8-458E34807117}.Debug|Any CPU.ActiveCfg = Debug|Any CPU
		{BB22B8BC-311A-438C-88C8-458E34807117}.Debug|Any CPU.Build.0 = Debug|Any CPU
		{BB22B8BC-311A-438C-88C8-458E34807117}.Release|Any CPU.ActiveCfg = Release|Any CPU
		{BB22B8BC-311A-438C-88C8-458E34807117}.Release|Any CPU.Build.0 = Release|Any CPU
		{2F32FC01-00C5-4327-A149-32D88D936D90}.Debug|Any CPU.ActiveCfg = Debug|Any CPU
		{2F32FC01-00C5-4327-A149-32D88D936D90}.Debug|Any CPU.Build.0 = Debug|Any CPU
		{2F32FC01-00C5-4327-A149-32D88D936D90}.Release|Any CPU.ActiveCfg = Release|Any CPU
		{2F32FC01-00C5-4327-A149-32D88D936D90}.Release|Any CPU.Build.0 = Release|Any CPU
	EndGlobalSection
	GlobalSection(SolutionProperties) = preSolution
		HideSolutionNode = FALSE
	EndGlobalSection
	GlobalSection(ExtensibilityGlobals) = postSolution
		SolutionGuid = {29AC712B-6BDD-4757-8E33-8C44E7AA5A83}
	EndGlobalSection
EndGlobal
